// !$*UTF8*$!
{
	archiveVersion = 1;
	classes = {
	};
	objectVersion = 55;
	objects = {

/* Begin PBXBuildFile section */
		A51CA502284A62810065B915 /* Assets.xcassets in Resources */ = {isa = PBXBuildFile; fileRef = A51CA4F0284A62810065B915 /* Assets.xcassets */; };
		A51CA503284A62810065B915 /* Assets.xcassets in Resources */ = {isa = PBXBuildFile; fileRef = A51CA4F0284A62810065B915 /* Assets.xcassets */; };
		A51CA510284A63210065B915 /* AspectVGrid.swift in Sources */ = {isa = PBXBuildFile; fileRef = A51CA50F284A63210065B915 /* AspectVGrid.swift */; };
		A51CA511284A63210065B915 /* AspectVGrid.swift in Sources */ = {isa = PBXBuildFile; fileRef = A51CA50F284A63210065B915 /* AspectVGrid.swift */; };
		A51CA513284A632A0065B915 /* Cardify.swift in Sources */ = {isa = PBXBuildFile; fileRef = A51CA512284A632A0065B915 /* Cardify.swift */; };
		A51CA514284A632A0065B915 /* Cardify.swift in Sources */ = {isa = PBXBuildFile; fileRef = A51CA512284A632A0065B915 /* Cardify.swift */; };
		A51CA51A284A63420065B915 /* EmojiMemorizeViewModel.swift in Sources */ = {isa = PBXBuildFile; fileRef = A51CA515284A63420065B915 /* EmojiMemorizeViewModel.swift */; };
		A51CA51B284A63420065B915 /* EmojiMemorizeViewModel.swift in Sources */ = {isa = PBXBuildFile; fileRef = A51CA515284A63420065B915 /* EmojiMemorizeViewModel.swift */; };
		A51CA51C284A63420065B915 /* EmojiMemoryGameView.swift in Sources */ = {isa = PBXBuildFile; fileRef = A51CA516284A63420065B915 /* EmojiMemoryGameView.swift */; };
		A51CA51D284A63420065B915 /* EmojiMemoryGameView.swift in Sources */ = {isa = PBXBuildFile; fileRef = A51CA516284A63420065B915 /* EmojiMemoryGameView.swift */; };
		A51CA51E284A63420065B915 /* MemorizeApp.swift in Sources */ = {isa = PBXBuildFile; fileRef = A51CA517284A63420065B915 /* MemorizeApp.swift */; };
		A51CA51F284A63420065B915 /* MemorizeApp.swift in Sources */ = {isa = PBXBuildFile; fileRef = A51CA517284A63420065B915 /* MemorizeApp.swift */; };
		A51CA520284A63420065B915 /* Pie.swift in Sources */ = {isa = PBXBuildFile; fileRef = A51CA518284A63420065B915 /* Pie.swift */; };
		A51CA521284A63420065B915 /* Pie.swift in Sources */ = {isa = PBXBuildFile; fileRef = A51CA518284A63420065B915 /* Pie.swift */; };
		A51CA522284A63420065B915 /* EmojiMemorizeModel.swift in Sources */ = {isa = PBXBuildFile; fileRef = A51CA519284A63420065B915 /* EmojiMemorizeModel.swift */; };
		A51CA523284A63420065B915 /* EmojiMemorizeModel.swift in Sources */ = {isa = PBXBuildFile; fileRef = A51CA519284A63420065B915 /* EmojiMemorizeModel.swift */; };
		A51CA525284A65E60065B915 /* Diamond.swift in Sources */ = {isa = PBXBuildFile; fileRef = A51CA524284A65E60065B915 /* Diamond.swift */; };
		A51CA526284A65E60065B915 /* Diamond.swift in Sources */ = {isa = PBXBuildFile; fileRef = A51CA524284A65E60065B915 /* Diamond.swift */; };
		A51CA52B284A6DD00065B915 /* Squiggle.swift in Sources */ = {isa = PBXBuildFile; fileRef = A51CA52A284A6DD00065B915 /* Squiggle.swift */; };
		A51CA52C284A6DD00065B915 /* Squiggle.swift in Sources */ = {isa = PBXBuildFile; fileRef = A51CA52A284A6DD00065B915 /* Squiggle.swift */; };
		A51CA52E284A7E120065B915 /* SetModel.swift in Sources */ = {isa = PBXBuildFile; fileRef = A51CA52D284A7E120065B915 /* SetModel.swift */; };
		A51CA52F284A7E120065B915 /* SetModel.swift in Sources */ = {isa = PBXBuildFile; fileRef = A51CA52D284A7E120065B915 /* SetModel.swift */; };
		A51CA531284A80AF0065B915 /* SetViewModel.swift in Sources */ = {isa = PBXBuildFile; fileRef = A51CA530284A80AF0065B915 /* SetViewModel.swift */; };
		A51CA532284A80AF0065B915 /* SetViewModel.swift in Sources */ = {isa = PBXBuildFile; fileRef = A51CA530284A80AF0065B915 /* SetViewModel.swift */; };
		A51CA534284A81D80065B915 /* SetGameView.swift in Sources */ = {isa = PBXBuildFile; fileRef = A51CA533284A81D80065B915 /* SetGameView.swift */; };
		A51CA535284A81D80065B915 /* SetGameView.swift in Sources */ = {isa = PBXBuildFile; fileRef = A51CA533284A81D80065B915 /* SetGameView.swift */; };
/* End PBXBuildFile section */

/* Begin PBXFileReference section */
		A51CA4F0284A62810065B915 /* Assets.xcassets */ = {isa = PBXFileReference; lastKnownFileType = folder.assetcatalog; path = Assets.xcassets; sourceTree = "<group>"; };
		A51CA4F5284A62810065B915 /* Set.app */ = {isa = PBXFileReference; explicitFileType = wrapper.application; includeInIndex = 0; path = Set.app; sourceTree = BUILT_PRODUCTS_DIR; };
		A51CA4FB284A62810065B915 /* Set.app */ = {isa = PBXFileReference; explicitFileType = wrapper.application; includeInIndex = 0; path = Set.app; sourceTree = BUILT_PRODUCTS_DIR; };
		A51CA4FD284A62810065B915 /* macOS.entitlements */ = {isa = PBXFileReference; lastKnownFileType = text.plist.entitlements; path = macOS.entitlements; sourceTree = "<group>"; };
		A51CA50F284A63210065B915 /* AspectVGrid.swift */ = {isa = PBXFileReference; fileEncoding = 4; lastKnownFileType = sourcecode.swift; name = AspectVGrid.swift; path = ../../Memorize/Memorize/AspectVGrid.swift; sourceTree = "<group>"; };
		A51CA512284A632A0065B915 /* Cardify.swift */ = {isa = PBXFileReference; fileEncoding = 4; lastKnownFileType = sourcecode.swift; name = Cardify.swift; path = ../../Memorize/Memorize/Cardify.swift; sourceTree = "<group>"; };
		A51CA515284A63420065B915 /* EmojiMemorizeViewModel.swift */ = {isa = PBXFileReference; fileEncoding = 4; lastKnownFileType = sourcecode.swift; name = EmojiMemorizeViewModel.swift; path = ../../Memorize/Memorize/EmojiMemorizeViewModel.swift; sourceTree = "<group>"; };
		A51CA516284A63420065B915 /* EmojiMemoryGameView.swift */ = {isa = PBXFileReference; fileEncoding = 4; lastKnownFileType = sourcecode.swift; name = EmojiMemoryGameView.swift; path = ../../Memorize/Memorize/EmojiMemoryGameView.swift; sourceTree = "<group>"; };
		A51CA517284A63420065B915 /* MemorizeApp.swift */ = {isa = PBXFileReference; fileEncoding = 4; lastKnownFileType = sourcecode.swift; name = MemorizeApp.swift; path = ../../Memorize/Memorize/MemorizeApp.swift; sourceTree = "<group>"; };
		A51CA518284A63420065B915 /* Pie.swift */ = {isa = PBXFileReference; fileEncoding = 4; lastKnownFileType = sourcecode.swift; name = Pie.swift; path = ../../Memorize/Memorize/Pie.swift; sourceTree = "<group>"; };
		A51CA519284A63420065B915 /* EmojiMemorizeModel.swift */ = {isa = PBXFileReference; fileEncoding = 4; lastKnownFileType = sourcecode.swift; name = EmojiMemorizeModel.swift; path = ../../Memorize/Memorize/EmojiMemorizeModel.swift; sourceTree = "<group>"; };
		A51CA524284A65E60065B915 /* Diamond.swift */ = {isa = PBXFileReference; lastKnownFileType = sourcecode.swift; path = Diamond.swift; sourceTree = "<group>"; };
		A51CA52A284A6DD00065B915 /* Squiggle.swift */ = {isa = PBXFileReference; lastKnownFileType = sourcecode.swift; path = Squiggle.swift; sourceTree = "<group>"; };
		A51CA52D284A7E120065B915 /* SetModel.swift */ = {isa = PBXFileReference; lastKnownFileType = sourcecode.swift; path = SetModel.swift; sourceTree = "<group>"; };
		A51CA530284A80AF0065B915 /* SetViewModel.swift */ = {isa = PBXFileReference; lastKnownFileType = sourcecode.swift; path = SetViewModel.swift; sourceTree = "<group>"; };
		A51CA533284A81D80065B915 /* SetGameView.swift */ = {isa = PBXFileReference; lastKnownFileType = sourcecode.swift; path = SetGameView.swift; sourceTree = "<group>"; };
/* End PBXFileReference section */

/* Begin PBXFrameworksBuildPhase section */
		A51CA4F2284A62810065B915 /* Frameworks */ = {
			isa = PBXFrameworksBuildPhase;
			buildActionMask = 2147483647;
			files = (
			);
			runOnlyForDeploymentPostprocessing = 0;
		};
		A51CA4F8284A62810065B915 /* Frameworks */ = {
			isa = PBXFrameworksBuildPhase;
			buildActionMask = 2147483647;
			files = (
			);
			runOnlyForDeploymentPostprocessing = 0;
		};
/* End PBXFrameworksBuildPhase section */

/* Begin PBXGroup section */
		A51CA4E8284A627B0065B915 = {
			isa = PBXGroup;
			children = (
				A51CA4ED284A627B0065B915 /* Shared */,
				A51CA4FC284A62810065B915 /* macOS */,
				A51CA4F6284A62810065B915 /* Products */,
			);
			sourceTree = "<group>";
		};
		A51CA4ED284A627B0065B915 /* Shared */ = {
			isa = PBXGroup;
			children = (
				A51CA50F284A63210065B915 /* AspectVGrid.swift */,
				A51CA512284A632A0065B915 /* Cardify.swift */,
				A51CA519284A63420065B915 /* EmojiMemorizeModel.swift */,
				A51CA52D284A7E120065B915 /* SetModel.swift */,
				A51CA515284A63420065B915 /* EmojiMemorizeViewModel.swift */,
				A51CA533284A81D80065B915 /* SetGameView.swift */,
				A51CA530284A80AF0065B915 /* SetViewModel.swift */,
				A51CA516284A63420065B915 /* EmojiMemoryGameView.swift */,
				A51CA517284A63420065B915 /* MemorizeApp.swift */,
				A51CA518284A63420065B915 /* Pie.swift */,
				A51CA4F0284A62810065B915 /* Assets.xcassets */,
				A51CA524284A65E60065B915 /* Diamond.swift */,
				A51CA52A284A6DD00065B915 /* Squiggle.swift */,
			);
			path = Shared;
			sourceTree = "<group>";
		};
		A51CA4F6284A62810065B915 /* Products */ = {
			isa = PBXGroup;
			children = (
				A51CA4F5284A62810065B915 /* Set.app */,
				A51CA4FB284A62810065B915 /* Set.app */,
			);
			name = Products;
			sourceTree = "<group>";
		};
		A51CA4FC284A62810065B915 /* macOS */ = {
			isa = PBXGroup;
			children = (
				A51CA4FD284A62810065B915 /* macOS.entitlements */,
			);
			path = macOS;
			sourceTree = "<group>";
		};
/* End PBXGroup section */

/* Begin PBXNativeTarget section */
		A51CA4F4284A62810065B915 /* Set (iOS) */ = {
			isa = PBXNativeTarget;
			buildConfigurationList = A51CA506284A62810065B915 /* Build configuration list for PBXNativeTarget "Set (iOS)" */;
			buildPhases = (
				A51CA4F1284A62810065B915 /* Sources */,
				A51CA4F2284A62810065B915 /* Frameworks */,
				A51CA4F3284A62810065B915 /* Resources */,
			);
			buildRules = (
			);
			dependencies = (
			);
			name = "Set (iOS)";
			productName = "Set (iOS)";
			productReference = A51CA4F5284A62810065B915 /* Set.app */;
			productType = "com.apple.product-type.application";
		};
		A51CA4FA284A62810065B915 /* Set (macOS) */ = {
			isa = PBXNativeTarget;
			buildConfigurationList = A51CA509284A62810065B915 /* Build configuration list for PBXNativeTarget "Set (macOS)" */;
			buildPhases = (
				A51CA4F7284A62810065B915 /* Sources */,
				A51CA4F8284A62810065B915 /* Frameworks */,
				A51CA4F9284A62810065B915 /* Resources */,
			);
			buildRules = (
			);
			dependencies = (
			);
			name = "Set (macOS)";
			productName = "Set (macOS)";
			productReference = A51CA4FB284A62810065B915 /* Set.app */;
			productType = "com.apple.product-type.application";
		};
/* End PBXNativeTarget section */

/* Begin PBXProject section */
		A51CA4E9284A627B0065B915 /* Project object */ = {
			isa = PBXProject;
			attributes = {
				BuildIndependentTargetsInParallel = 1;
				LastSwiftUpdateCheck = 1330;
				LastUpgradeCheck = 1330;
				TargetAttributes = {
					A51CA4F4284A62810065B915 = {
						CreatedOnToolsVersion = 13.3.1;
					};
					A51CA4FA284A62810065B915 = {
						CreatedOnToolsVersion = 13.3.1;
					};
				};
			};
			buildConfigurationList = A51CA4EC284A627B0065B915 /* Build configuration list for PBXProject "Set" */;
			compatibilityVersion = "Xcode 13.0";
			developmentRegion = en;
			hasScannedForEncodings = 0;
			knownRegions = (
				en,
				Base,
			);
			mainGroup = A51CA4E8284A627B0065B915;
			productRefGroup = A51CA4F6284A62810065B915 /* Products */;
			projectDirPath = "";
			projectRoot = "";
			targets = (
				A51CA4F4284A62810065B915 /* Set (iOS) */,
				A51CA4FA284A62810065B915 /* Set (macOS) */,
			);
		};
/* End PBXProject section */

/* Begin PBXResourcesBuildPhase section */
		A51CA4F3284A62810065B915 /* Resources */ = {
			isa = PBXResourcesBuildPhase;
			buildActionMask = 2147483647;
			files = (
				A51CA502284A62810065B915 /* Assets.xcassets in Resources */,
			);
			runOnlyForDeploymentPostprocessing = 0;
		};
		A51CA4F9284A62810065B915 /* Resources */ = {
			isa = PBXResourcesBuildPhase;
			buildActionMask = 2147483647;
			files = (
				A51CA503284A62810065B915 /* Assets.xcassets in Resources */,
			);
			runOnlyForDeploymentPostprocessing = 0;
		};
/* End PBXResourcesBuildPhase section */

/* Begin PBXSourcesBuildPhase section */
		A51CA4F1284A62810065B915 /* Sources */ = {
			isa = PBXSourcesBuildPhase;
			buildActionMask = 2147483647;
			files = (
				A51CA531284A80AF0065B915 /* SetViewModel.swift in Sources */,
				A51CA522284A63420065B915 /* EmojiMemorizeModel.swift in Sources */,
				A51CA520284A63420065B915 /* Pie.swift in Sources */,
				A51CA52E284A7E120065B915 /* SetModel.swift in Sources */,
				A51CA51E284A63420065B915 /* MemorizeApp.swift in Sources */,
				A51CA534284A81D80065B915 /* SetGameView.swift in Sources */,
				A51CA52B284A6DD00065B915 /* Squiggle.swift in Sources */,
				A51CA51C284A63420065B915 /* EmojiMemoryGameView.swift in Sources */,
				A51CA525284A65E60065B915 /* Diamond.swift in Sources */,
				A51CA51A284A63420065B915 /* EmojiMemorizeViewModel.swift in Sources */,
				A51CA513284A632A0065B915 /* Cardify.swift in Sources */,
				A51CA510284A63210065B915 /* AspectVGrid.swift in Sources */,
			);
			runOnlyForDeploymentPostprocessing = 0;
		};
		A51CA4F7284A62810065B915 /* Sources */ = {
			isa = PBXSourcesBuildPhase;
			buildActionMask = 2147483647;
			files = (
				A51CA532284A80AF0065B915 /* SetViewModel.swift in Sources */,
				A51CA523284A63420065B915 /* EmojiMemorizeModel.swift in Sources */,
				A51CA521284A63420065B915 /* Pie.swift in Sources */,
				A51CA52F284A7E120065B915 /* SetModel.swift in Sources */,
				A51CA51F284A63420065B915 /* MemorizeApp.swift in Sources */,
				A51CA535284A81D80065B915 /* SetGameView.swift in Sources */,
				A51CA52C284A6DD00065B915 /* Squiggle.swift in Sources */,
				A51CA51D284A63420065B915 /* EmojiMemoryGameView.swift in Sources */,
				A51CA526284A65E60065B915 /* Diamond.swift in Sources */,
				A51CA51B284A63420065B915 /* EmojiMemorizeViewModel.swift in Sources */,
				A51CA514284A632A0065B915 /* Cardify.swift in Sources */,
				A51CA511284A63210065B915 /* AspectVGrid.swift in Sources */,
			);
			runOnlyForDeploymentPostprocessing = 0;
		};
/* End PBXSourcesBuildPhase section */

/* Begin XCBuildConfiguration section */
		A51CA504284A62810065B915 /* Debug */ = {
			isa = XCBuildConfiguration;
			buildSettings = {
				ALWAYS_SEARCH_USER_PATHS = NO;
				CLANG_ANALYZER_NONNULL = YES;
				CLANG_ANALYZER_NUMBER_OBJECT_CONVERSION = YES_AGGRESSIVE;
				CLANG_CXX_LANGUAGE_STANDARD = "gnu++17";
				CLANG_ENABLE_MODULES = YES;
				CLANG_ENABLE_OBJC_ARC = YES;
				CLANG_ENABLE_OBJC_WEAK = YES;
				CLANG_WARN_BLOCK_CAPTURE_AUTORELEASING = YES;
				CLANG_WARN_BOOL_CONVERSION = YES;
				CLANG_WARN_COMMA = YES;
				CLANG_WARN_CONSTANT_CONVERSION = YES;
				CLANG_WARN_DEPRECATED_OBJC_IMPLEMENTATIONS = YES;
				CLANG_WARN_DIRECT_OBJC_ISA_USAGE = YES_ERROR;
				CLANG_WARN_DOCUMENTATION_COMMENTS = YES;
				CLANG_WARN_EMPTY_BODY = YES;
				CLANG_WARN_ENUM_CONVERSION = YES;
				CLANG_WARN_INFINITE_RECURSION = YES;
				CLANG_WARN_INT_CONVERSION = YES;
				CLANG_WARN_NON_LITERAL_NULL_CONVERSION = YES;
				CLANG_WARN_OBJC_IMPLICIT_RETAIN_SELF = YES;
				CLANG_WARN_OBJC_LITERAL_CONVERSION = YES;
				CLANG_WARN_OBJC_ROOT_CLASS = YES_ERROR;
				CLANG_WARN_QUOTED_INCLUDE_IN_FRAMEWORK_HEADER = YES;
				CLANG_WARN_RANGE_LOOP_ANALYSIS = YES;
				CLANG_WARN_STRICT_PROTOTYPES = YES;
				CLANG_WARN_SUSPICIOUS_MOVE = YES;
				CLANG_WARN_UNGUARDED_AVAILABILITY = YES_AGGRESSIVE;
				CLANG_WARN_UNREACHABLE_CODE = YES;
				CLANG_WARN__DUPLICATE_METHOD_MATCH = YES;
				COPY_PHASE_STRIP = NO;
				DEBUG_INFORMATION_FORMAT = dwarf;
				ENABLE_STRICT_OBJC_MSGSEND = YES;
				ENABLE_TESTABILITY = YES;
				GCC_C_LANGUAGE_STANDARD = gnu11;
				GCC_DYNAMIC_NO_PIC = NO;
				GCC_NO_COMMON_BLOCKS = YES;
				GCC_OPTIMIZATION_LEVEL = 0;
				GCC_PREPROCESSOR_DEFINITIONS = (
					"DEBUG=1",
					"$(inherited)",
				);
				GCC_WARN_64_TO_32_BIT_CONVERSION = YES;
				GCC_WARN_ABOUT_RETURN_TYPE = YES_ERROR;
				GCC_WARN_UNDECLARED_SELECTOR = YES;
				GCC_WARN_UNINITIALIZED_AUTOS = YES_AGGRESSIVE;
				GCC_WARN_UNUSED_FUNCTION = YES;
				GCC_WARN_UNUSED_VARIABLE = YES;
				MTL_ENABLE_DEBUG_INFO = INCLUDE_SOURCE;
				MTL_FAST_MATH = YES;
				ONLY_ACTIVE_ARCH = YES;
				SWIFT_ACTIVE_COMPILATION_CONDITIONS = DEBUG;
				SWIFT_OPTIMIZATION_LEVEL = "-Onone";
			};
			name = Debug;
		};
		A51CA505284A62810065B915 /* Release */ = {
			isa = XCBuildConfiguration;
			buildSettings = {
				ALWAYS_SEARCH_USER_PATHS = NO;
				CLANG_ANALYZER_NONNULL = YES;
				CLANG_ANALYZER_NUMBER_OBJECT_CONVERSION = YES_AGGRESSIVE;
				CLANG_CXX_LANGUAGE_STANDARD = "gnu++17";
				CLANG_ENABLE_MODULES = YES;
				CLANG_ENABLE_OBJC_ARC = YES;
				CLANG_ENABLE_OBJC_WEAK = YES;
				CLANG_WARN_BLOCK_CAPTURE_AUTORELEASING = YES;
				CLANG_WARN_BOOL_CONVERSION = YES;
				CLANG_WARN_COMMA = YES;
				CLANG_WARN_CONSTANT_CONVERSION = YES;
				CLANG_WARN_DEPRECATED_OBJC_IMPLEMENTATIONS = YES;
				CLANG_WARN_DIRECT_OBJC_ISA_USAGE = YES_ERROR;
				CLANG_WARN_DOCUMENTATION_COMMENTS = YES;
				CLANG_WARN_EMPTY_BODY = YES;
				CLANG_WARN_ENUM_CONVERSION = YES;
				CLANG_WARN_INFINITE_RECURSION = YES;
				CLANG_WARN_INT_CONVERSION = YES;
				CLANG_WARN_NON_LITERAL_NULL_CONVERSION = YES;
				CLANG_WARN_OBJC_IMPLICIT_RETAIN_SELF = YES;
				CLANG_WARN_OBJC_LITERAL_CONVERSION = YES;
				CLANG_WARN_OBJC_ROOT_CLASS = YES_ERROR;
				CLANG_WARN_QUOTED_INCLUDE_IN_FRAMEWORK_HEADER = YES;
				CLANG_WARN_RANGE_LOOP_ANALYSIS = YES;
				CLANG_WARN_STRICT_PROTOTYPES = YES;
				CLANG_WARN_SUSPICIOUS_MOVE = YES;
				CLANG_WARN_UNGUARDED_AVAILABILITY = YES_AGGRESSIVE;
				CLANG_WARN_UNREACHABLE_CODE = YES;
				CLANG_WARN__DUPLICATE_METHOD_MATCH = YES;
				COPY_PHASE_STRIP = NO;
				DEBUG_INFORMATION_FORMAT = "dwarf-with-dsym";
				ENABLE_NS_ASSERTIONS = NO;
				ENABLE_STRICT_OBJC_MSGSEND = YES;
				GCC_C_LANGUAGE_STANDARD = gnu11;
				GCC_NO_COMMON_BLOCKS = YES;
				GCC_WARN_64_TO_32_BIT_CONVERSION = YES;
				GCC_WARN_ABOUT_RETURN_TYPE = YES_ERROR;
				GCC_WARN_UNDECLARED_SELECTOR = YES;
				GCC_WARN_UNINITIALIZED_AUTOS = YES_AGGRESSIVE;
				GCC_WARN_UNUSED_FUNCTION = YES;
				GCC_WARN_UNUSED_VARIABLE = YES;
				MTL_ENABLE_DEBUG_INFO = NO;
				MTL_FAST_MATH = YES;
				SWIFT_COMPILATION_MODE = wholemodule;
				SWIFT_OPTIMIZATION_LEVEL = "-O";
			};
			name = Release;
		};
		A51CA507284A62810065B915 /* Debug */ = {
			isa = XCBuildConfiguration;
			buildSettings = {
				ASSETCATALOG_COMPILER_APPICON_NAME = AppIcon;
				ASSETCATALOG_COMPILER_GLOBAL_ACCENT_COLOR_NAME = AccentColor;
				CODE_SIGN_STYLE = Automatic;
				CURRENT_PROJECT_VERSION = 1;
				DEVELOPMENT_TEAM = WZ3PLZ96ML;
				ENABLE_PREVIEWS = YES;
				GENERATE_INFOPLIST_FILE = YES;
				INFOPLIST_KEY_UIApplicationSceneManifest_Generation = YES;
				INFOPLIST_KEY_UIApplicationSupportsIndirectInputEvents = YES;
				INFOPLIST_KEY_UILaunchScreen_Generation = YES;
				INFOPLIST_KEY_UISupportedInterfaceOrientations_iPad = "UIInterfaceOrientationPortrait UIInterfaceOrientationPortraitUpsideDown UIInterfaceOrientationLandscapeLeft UIInterfaceOrientationLandscapeRight";
				INFOPLIST_KEY_UISupportedInterfaceOrientations_iPhone = "UIInterfaceOrientationPortrait UIInterfaceOrientationLandscapeLeft UIInterfaceOrientationLandscapeRight";
				IPHONEOS_DEPLOYMENT_TARGET = 15.4;
				LD_RUNPATH_SEARCH_PATHS = (
					"$(inherited)",
					"@executable_path/Frameworks",
				);
				MARKETING_VERSION = 1.0;
				PRODUCT_BUNDLE_IDENTIFIER = cs193p.dartmouth.Set;
				PRODUCT_NAME = Set;
				SDKROOT = iphoneos;
				SWIFT_EMIT_LOC_STRINGS = YES;
				SWIFT_VERSION = 5.0;
				TARGETED_DEVICE_FAMILY = "1,2";
			};
			name = Debug;
		};
		A51CA508284A62810065B915 /* Release */ = {
			isa = XCBuildConfiguration;
			buildSettings = {
				ASSETCATALOG_COMPILER_APPICON_NAME = AppIcon;
				ASSETCATALOG_COMPILER_GLOBAL_ACCENT_COLOR_NAME = AccentColor;
				CODE_SIGN_STYLE = Automatic;
				CURRENT_PROJECT_VERSION = 1;
				DEVELOPMENT_TEAM = WZ3PLZ96ML;
				ENABLE_PREVIEWS = YES;
				GENERATE_INFOPLIST_FILE = YES;
				INFOPLIST_KEY_UIApplicationSceneManifest_Generation = YES;
				INFOPLIST_KEY_UIApplicationSupportsIndirectInputEvents = YES;
				INFOPLIST_KEY_UILaunchScreen_Generation = YES;
				INFOPLIST_KEY_UISupportedInterfaceOrientations_iPad = "UIInterfaceOrientationPortrait UIInterfaceOrientationPortraitUpsideDown UIInterfaceOrientationLandscapeLeft UIInterfaceOrientationLandscapeRight";
				INFOPLIST_KEY_UISupportedInterfaceOrientations_iPhone = "UIInterfaceOrientationPortrait UIInterfaceOrientationLandscapeLeft UIInterfaceOrientationLandscapeRight";
				IPHONEOS_DEPLOYMENT_TARGET = 15.4;
				LD_RUNPATH_SEARCH_PATHS = (
					"$(inherited)",
					"@executable_path/Frameworks",
				);
				MARKETING_VERSION = 1.0;
				PRODUCT_BUNDLE_IDENTIFIER = cs193p.dartmouth.Set;
				PRODUCT_NAME = Set;
				SDKROOT = iphoneos;
				SWIFT_EMIT_LOC_STRINGS = YES;
				SWIFT_VERSION = 5.0;
				TARGETED_DEVICE_FAMILY = "1,2";
				VALIDATE_PRODUCT = YES;
			};
			name = Release;
		};
		A51CA50A284A62810065B915 /* Debug */ = {
			isa = XCBuildConfiguration;
			buildSettings = {
				ASSETCATALOG_COMPILER_APPICON_NAME = AppIcon;
				ASSETCATALOG_COMPILER_GLOBAL_ACCENT_COLOR_NAME = AccentColor;
				CODE_SIGN_ENTITLEMENTS = macOS/macOS.entitlements;
				CODE_SIGN_STYLE = Automatic;
				COMBINE_HIDPI_IMAGES = YES;
				CURRENT_PROJECT_VERSION = 1;
				DEVELOPMENT_TEAM = WZ3PLZ96ML;
				ENABLE_HARDENED_RUNTIME = YES;
				ENABLE_PREVIEWS = YES;
				GENERATE_INFOPLIST_FILE = YES;
				INFOPLIST_KEY_NSHumanReadableCopyright = "";
				LD_RUNPATH_SEARCH_PATHS = (
					"$(inherited)",
					"@executable_path/../Frameworks",
				);
				MACOSX_DEPLOYMENT_TARGET = 12.3;
				MARKETING_VERSION = 1.0;
				PRODUCT_BUNDLE_IDENTIFIER = cs193p.dartmouth.Set;
				PRODUCT_NAME = Set;
				SDKROOT = macosx;
				SWIFT_EMIT_LOC_STRINGS = YES;
				SWIFT_VERSION = 5.0;
			};
			name = Debug;
		};
		A51CA50B284A62810065B915 /* Release */ = {
			isa = XCBuildConfiguration;
			buildSettings = {
				ASSETCATALOG_COMPILER_APPICON_NAME = AppIcon;
				ASSETCATALOG_COMPILER_GLOBAL_ACCENT_COLOR_NAME = AccentColor;
				CODE_SIGN_ENTITLEMENTS = macOS/macOS.entitlements;
				CODE_SIGN_STYLE = Automatic;
				COMBINE_HIDPI_IMAGES = YES;
				CURRENT_PROJECT_VERSION = 1;
				DEVELOPMENT_TEAM = WZ3PLZ96ML;
				ENABLE_HARDENED_RUNTIME = YES;
				ENABLE_PREVIEWS = YES;
				GENERATE_INFOPLIST_FILE = YES;
				INFOPLIST_KEY_NSHumanReadableCopyright = "";
				LD_RUNPATH_SEARCH_PATHS = (
					"$(inherited)",
					"@executable_path/../Frameworks",
				);
				MACOSX_DEPLOYMENT_TARGET = 12.3;
				MARKETING_VERSION = 1.0;
				PRODUCT_BUNDLE_IDENTIFIER = cs193p.dartmouth.Set;
				PRODUCT_NAME = Set;
				SDKROOT = macosx;
				SWIFT_EMIT_LOC_STRINGS = YES;
				SWIFT_VERSION = 5.0;
			};
			name = Release;
		};
/* End XCBuildConfiguration section */

/* Begin XCConfigurationList section */
		A51CA4EC284A627B0065B915 /* Build configuration list for PBXProject "Set" */ = {
			isa = XCConfigurationList;
			buildConfigurations = (
				A51CA504284A62810065B915 /* Debug */,
				A51CA505284A62810065B915 /* Release */,
			);
			defaultConfigurationIsVisible = 0;
			defaultConfigurationName = Release;
		};
		A51CA506284A62810065B915 /* Build configuration list for PBXNativeTarget "Set (iOS)" */ = {
			isa = XCConfigurationList;
			buildConfigurations = (
				A51CA507284A62810065B915 /* Debug */,
				A51CA508284A62810065B915 /* Release */,
			);
			defaultConfigurationIsVisible = 0;
			defaultConfigurationName = Release;
		};
		A51CA509284A62810065B915 /* Build configuration list for PBXNativeTarget "Set (macOS)" */ = {
			isa = XCConfigurationList;
			buildConfigurations = (
				A51CA50A284A62810065B915 /* Debug */,
				A51CA50B284A62810065B915 /* Release */,
			);
			defaultConfigurationIsVisible = 0;
			defaultConfigurationName = Release;
		};
/* End XCConfigurationList section */
	};
	rootObject = A51CA4E9284A627B0065B915 /* Project object */;
}
